
Microsoft Visual Studio Solution File, Format Version 12.00
# Visual Studio Version 16
VisualStudioVersion = 16.0.31105.61
MinimumVisualStudioVersion = 10.0.40219.1
Project("{FAE04EC0-301F-11D3-BF4B-00C04F79EFBC}") = "QuanLyDuAn_K70", "QuanLyDuAn_K70\QuanLyDuAn_K70.csproj", "{180C3932-7CB5-4093-B8C7-168C0E859EEB}"
EndProject
Global
	GlobalSection(SolutionConfigurationPlatforms) = preSolution
		Debug|Any CPU = Debug|Any CPU
		Release|Any CPU = Release|Any CPU
	EndGlobalSection
	GlobalSection(ProjectConfigurationPlatforms) = postSolution
		{180C3932-7CB5-4093-B8C7-168C0E859EEB}.Debug|Any CPU.ActiveCfg = Debug|Any CPU
		{180C3932-7CB5-4093-B8C7-168C0E859EEB}.Debug|Any CPU.Build.0 = Debug|Any CPU
		{180C3932-7CB5-4093-B8C7-168C0E859EEB}.Release|Any CPU.ActiveCfg = Release|Any CPU
		{180C3932-7CB5-4093-B8C7-168C0E859EEB}.Release|Any CPU.Build.0 = Release|Any CPU
	EndGlobalSection
	GlobalSection(SolutionProperties) = preSolution
		HideSolutionNode = FALSE
	EndGlobalSection
	GlobalSection(ExtensibilityGlobals) = postSolution
		SolutionGuid = {0F648E79-16F3-46EF-995B-01BC95F6AC47}
	EndGlobalSection
EndGlobal
